
Microsoft Visual Studio Solution File, Format Version 12.00
# Visual Studio Version 17
VisualStudioVersion = 17.4.33122.133
MinimumVisualStudioVersion = 10.0.40219.1
Project("{FAE04EC0-301F-11D3-BF4B-00C04F79EFBC}") = "GCPManager", "GCPManager.csproj", "{96ADAE2D-0854-43EC-8B41-A572998E963C}"
EndProject
Global
	GlobalSection(SolutionConfigurationPlatforms) = preSolution
		Debug|Any CPU = Debug|Any CPU
		Release|Any CPU = Release|Any CPU
	EndGlobalSection
	GlobalSection(ProjectConfigurationPlatforms) = postSolution
		{96ADAE2D-0854-43EC-8B41-A572998E963C}.Debug|Any CPU.ActiveCfg = Debug|Any CPU
		{96ADAE2D-0854-43EC-8B41-A572998E963C}.Debug|Any CPU.Build.0 = Debug|Any CPU
		{96ADAE2D-0854-43EC-8B41-A572998E963C}.Release|Any CPU.ActiveCfg = Release|Any CPU
		{96ADAE2D-0854-43EC-8B41-A572998E963C}.Release|Any CPU.Build.0 = Release|Any CPU
	EndGlobalSection
	GlobalSection(SolutionProperties) = preSolution
		HideSolutionNode = FALSE
	EndGlobalSection
	GlobalSection(ExtensibilityGlobals) = postSolution
		SolutionGuid = {92F2B220-C3F4-4FD9-909F-E358FF0BCB2A}
	EndGlobalSection
EndGlobal
